// !$*UTF8*$!
{
	archiveVersion = 1;
	classes = {
	};
	objectVersion = 55;
	objects = {

/* Begin PBXBuildFile section */
		2FE8BB523D1A9FB8F537CC92 /* Pods_LifeSum_LifeSumUITests.framework in Frameworks */ = {isa = PBXBuildFile; fileRef = 910DE2D404997A55DCB95326 /* Pods_LifeSum_LifeSumUITests.framework */; };
		5B865EF9B4D1DA24788528F1 /* Pods_LifeSum.framework in Frameworks */ = {isa = PBXBuildFile; fileRef = C4474B18F76034BD8E7FAE5C /* Pods_LifeSum.framework */; };
		82BF9035287963FA00D6E995 /* AppDelegate.swift in Sources */ = {isa = PBXBuildFile; fileRef = 82BF9034287963FA00D6E995 /* AppDelegate.swift */; };
		82BF9037287963FA00D6E995 /* SceneDelegate.swift in Sources */ = {isa = PBXBuildFile; fileRef = 82BF9036287963FA00D6E995 /* SceneDelegate.swift */; };
		82BF903C287963FB00D6E995 /* Main.storyboard in Resources */ = {isa = PBXBuildFile; fileRef = 82BF903A287963FA00D6E995 /* Main.storyboard */; };
		82BF903E287963FE00D6E995 /* Assets.xcassets in Resources */ = {isa = PBXBuildFile; fileRef = 82BF903D287963FE00D6E995 /* Assets.xcassets */; };
		82BF9041287963FE00D6E995 /* LaunchScreen.storyboard in Resources */ = {isa = PBXBuildFile; fileRef = 82BF903F287963FE00D6E995 /* LaunchScreen.storyboard */; };
		82BF904C287963FE00D6E995 /* LifeSumTests.swift in Sources */ = {isa = PBXBuildFile; fileRef = 82BF904B287963FE00D6E995 /* LifeSumTests.swift */; };
		82BF9056287963FE00D6E995 /* LifeSumUITests.swift in Sources */ = {isa = PBXBuildFile; fileRef = 82BF9055287963FE00D6E995 /* LifeSumUITests.swift */; };
		82BF9058287963FE00D6E995 /* LifeSumUITestsLaunchTests.swift in Sources */ = {isa = PBXBuildFile; fileRef = 82BF9057287963FE00D6E995 /* LifeSumUITestsLaunchTests.swift */; };
		82BF90662879747F00D6E995 /* AnyView.swift in Sources */ = {isa = PBXBuildFile; fileRef = 82BF90652879747F00D6E995 /* AnyView.swift */; };
		82BF90682879749F00D6E995 /* AnyInteractor.swift in Sources */ = {isa = PBXBuildFile; fileRef = 82BF90672879749F00D6E995 /* AnyInteractor.swift */; };
		82BF906A287974B700D6E995 /* AnyPresenter.swift in Sources */ = {isa = PBXBuildFile; fileRef = 82BF9069287974B700D6E995 /* AnyPresenter.swift */; };
		82BF906C287974D600D6E995 /* AnyRouter.swift in Sources */ = {isa = PBXBuildFile; fileRef = 82BF906B287974D600D6E995 /* AnyRouter.swift */; };
		82BF90702879754900D6E995 /* NutritionValueQuickLookVC.swift in Sources */ = {isa = PBXBuildFile; fileRef = 82BF906F2879754900D6E995 /* NutritionValueQuickLookVC.swift */; };
		82BF9072287975BC00D6E995 /* NutritionValueQuickLookRouter.swift in Sources */ = {isa = PBXBuildFile; fileRef = 82BF9071287975BC00D6E995 /* NutritionValueQuickLookRouter.swift */; };
		82BF9074287975F200D6E995 /* NutritionValueQuickLookPresenter.swift in Sources */ = {isa = PBXBuildFile; fileRef = 82BF9073287975F200D6E995 /* NutritionValueQuickLookPresenter.swift */; };
		82BF90762879762200D6E995 /* NutritionValueQuickLookIntractor.swift in Sources */ = {isa = PBXBuildFile; fileRef = 82BF90752879762200D6E995 /* NutritionValueQuickLookIntractor.swift */; };
		82BF90782879764500D6E995 /* NutritionValueQuickLookView.swift in Sources */ = {isa = PBXBuildFile; fileRef = 82BF90772879764500D6E995 /* NutritionValueQuickLookView.swift */; };
		82BF907B2879774A00D6E995 /* BaseEntity.swift in Sources */ = {isa = PBXBuildFile; fileRef = 82BF907A2879774A00D6E995 /* BaseEntity.swift */; };
		82BF907D2879776C00D6E995 /* Meta.swift in Sources */ = {isa = PBXBuildFile; fileRef = 82BF907C2879776C00D6E995 /* Meta.swift */; };
		82BF907F2879779B00D6E995 /* Foodipedia.swift in Sources */ = {isa = PBXBuildFile; fileRef = 82BF907E2879779B00D6E995 /* Foodipedia.swift */; };
		82BF9084287979FE00D6E995 /* APIErrorHandler.swift in Sources */ = {isa = PBXBuildFile; fileRef = 82BF9083287979FE00D6E995 /* APIErrorHandler.swift */; };
		82BF908728797A6700D6E995 /* MultiMoyaProvider.swift in Sources */ = {isa = PBXBuildFile; fileRef = 82BF908628797A6700D6E995 /* MultiMoyaProvider.swift */; };
		82BF908A28797A9A00D6E995 /* APIConfiguration.swift in Sources */ = {isa = PBXBuildFile; fileRef = 82BF908928797A9A00D6E995 /* APIConfiguration.swift */; };
		82BF908C28797AB800D6E995 /* FoodipediaAPI.swift in Sources */ = {isa = PBXBuildFile; fileRef = 82BF908B28797AB800D6E995 /* FoodipediaAPI.swift */; };
		82BF908E28797AE000D6E995 /* APIManager.swift in Sources */ = {isa = PBXBuildFile; fileRef = 82BF908D28797AE000D6E995 /* APIManager.swift */; };
		82BF909128797B7900D6E995 /* GradientView.swift in Sources */ = {isa = PBXBuildFile; fileRef = 82BF909028797B7900D6E995 /* GradientView.swift */; };
		82BF909328797BB900D6E995 /* GradientButton.swift in Sources */ = {isa = PBXBuildFile; fileRef = 82BF909228797BB900D6E995 /* GradientButton.swift */; };
		82BF909628797D6B00D6E995 /* Enviornment.swift in Sources */ = {isa = PBXBuildFile; fileRef = 82BF909528797D6B00D6E995 /* Enviornment.swift */; };
		82BF909828797D8900D6E995 /* FullscreenLoader.swift in Sources */ = {isa = PBXBuildFile; fileRef = 82BF909728797D8900D6E995 /* FullscreenLoader.swift */; };
		82BF909B28797E3000D6E995 /* MoyaError+APIError.swift in Sources */ = {isa = PBXBuildFile; fileRef = 82BF909A28797E3000D6E995 /* MoyaError+APIError.swift */; };
		82BF909F28797ED500D6E995 /* green-eco-earth-animation.json in Resources */ = {isa = PBXBuildFile; fileRef = 82BF909E28797ED500D6E995 /* green-eco-earth-animation.json */; };
		82BF90A228797F5100D6E995 /* TestNutritionValueQuickLook.swift in Sources */ = {isa = PBXBuildFile; fileRef = 82BF90A128797F5100D6E995 /* TestNutritionValueQuickLook.swift */; };
		82BF90A428797FBF00D6E995 /* NSObject+className.swift in Sources */ = {isa = PBXBuildFile; fileRef = 82BF90A328797FBF00D6E995 /* NSObject+className.swift */; };
		82BF90A82879806B00D6E995 /* TestExtensions.swift in Sources */ = {isa = PBXBuildFile; fileRef = 82BF90A72879806B00D6E995 /* TestExtensions.swift */; };
		F7188EA8EE34374E325B3D65 /* Pods_LifeSumTests.framework in Frameworks */ = {isa = PBXBuildFile; fileRef = F756A476C7E22D3594289EBD /* Pods_LifeSumTests.framework */; };
/* End PBXBuildFile section */

/* Begin PBXContainerItemProxy section */
		82BF9048287963FE00D6E995 /* PBXContainerItemProxy */ = {
			isa = PBXContainerItemProxy;
			containerPortal = 82BF9029287963FA00D6E995 /* Project object */;
			proxyType = 1;
			remoteGlobalIDString = 82BF9030287963FA00D6E995;
			remoteInfo = LifeSum;
		};
		82BF9052287963FE00D6E995 /* PBXContainerItemProxy */ = {
			isa = PBXContainerItemProxy;
			containerPortal = 82BF9029287963FA00D6E995 /* Project object */;
			proxyType = 1;
			remoteGlobalIDString = 82BF9030287963FA00D6E995;
			remoteInfo = LifeSum;
		};
/* End PBXContainerItemProxy section */

/* Begin PBXFileReference section */
		38C2DE28E5851BE0EB8E0BC8 /* Pods-LifeSum-LifeSumUITests.debug.xcconfig */ = {isa = PBXFileReference; includeInIndex = 1; lastKnownFileType = text.xcconfig; name = "Pods-LifeSum-LifeSumUITests.debug.xcconfig"; path = "Target Support Files/Pods-LifeSum-LifeSumUITests/Pods-LifeSum-LifeSumUITests.debug.xcconfig"; sourceTree = "<group>"; };
		4A51BC42C17C84DF38154A56 /* Pods-LifeSum.release.xcconfig */ = {isa = PBXFileReference; includeInIndex = 1; lastKnownFileType = text.xcconfig; name = "Pods-LifeSum.release.xcconfig"; path = "Target Support Files/Pods-LifeSum/Pods-LifeSum.release.xcconfig"; sourceTree = "<group>"; };
		82BF9031287963FA00D6E995 /* LifeSum.app */ = {isa = PBXFileReference; explicitFileType = wrapper.application; includeInIndex = 0; path = LifeSum.app; sourceTree = BUILT_PRODUCTS_DIR; };
		82BF9034287963FA00D6E995 /* AppDelegate.swift */ = {isa = PBXFileReference; lastKnownFileType = sourcecode.swift; path = AppDelegate.swift; sourceTree = "<group>"; };
		82BF9036287963FA00D6E995 /* SceneDelegate.swift */ = {isa = PBXFileReference; lastKnownFileType = sourcecode.swift; path = SceneDelegate.swift; sourceTree = "<group>"; };
		82BF903B287963FA00D6E995 /* Base */ = {isa = PBXFileReference; lastKnownFileType = file.storyboard; name = Base; path = Base.lproj/Main.storyboard; sourceTree = "<group>"; };
		82BF903D287963FE00D6E995 /* Assets.xcassets */ = {isa = PBXFileReference; lastKnownFileType = folder.assetcatalog; path = Assets.xcassets; sourceTree = "<group>"; };
		82BF9040287963FE00D6E995 /* Base */ = {isa = PBXFileReference; lastKnownFileType = file.storyboard; name = Base; path = Base.lproj/LaunchScreen.storyboard; sourceTree = "<group>"; };
		82BF9042287963FE00D6E995 /* Info.plist */ = {isa = PBXFileReference; lastKnownFileType = text.plist.xml; path = Info.plist; sourceTree = "<group>"; };
		82BF9047287963FE00D6E995 /* LifeSumTests.xctest */ = {isa = PBXFileReference; explicitFileType = wrapper.cfbundle; includeInIndex = 0; path = LifeSumTests.xctest; sourceTree = BUILT_PRODUCTS_DIR; };
		82BF904B287963FE00D6E995 /* LifeSumTests.swift */ = {isa = PBXFileReference; lastKnownFileType = sourcecode.swift; path = LifeSumTests.swift; sourceTree = "<group>"; };
		82BF9051287963FE00D6E995 /* LifeSumUITests.xctest */ = {isa = PBXFileReference; explicitFileType = wrapper.cfbundle; includeInIndex = 0; path = LifeSumUITests.xctest; sourceTree = BUILT_PRODUCTS_DIR; };
		82BF9055287963FE00D6E995 /* LifeSumUITests.swift */ = {isa = PBXFileReference; lastKnownFileType = sourcecode.swift; path = LifeSumUITests.swift; sourceTree = "<group>"; };
		82BF9057287963FE00D6E995 /* LifeSumUITestsLaunchTests.swift */ = {isa = PBXFileReference; lastKnownFileType = sourcecode.swift; path = LifeSumUITestsLaunchTests.swift; sourceTree = "<group>"; };
		82BF90652879747F00D6E995 /* AnyView.swift */ = {isa = PBXFileReference; lastKnownFileType = sourcecode.swift; path = AnyView.swift; sourceTree = "<group>"; };
		82BF90672879749F00D6E995 /* AnyInteractor.swift */ = {isa = PBXFileReference; lastKnownFileType = sourcecode.swift; path = AnyInteractor.swift; sourceTree = "<group>"; };
		82BF9069287974B700D6E995 /* AnyPresenter.swift */ = {isa = PBXFileReference; lastKnownFileType = sourcecode.swift; path = AnyPresenter.swift; sourceTree = "<group>"; };
		82BF906B287974D600D6E995 /* AnyRouter.swift */ = {isa = PBXFileReference; lastKnownFileType = sourcecode.swift; path = AnyRouter.swift; sourceTree = "<group>"; };
		82BF906F2879754900D6E995 /* NutritionValueQuickLookVC.swift */ = {isa = PBXFileReference; lastKnownFileType = sourcecode.swift; path = NutritionValueQuickLookVC.swift; sourceTree = "<group>"; };
		82BF9071287975BC00D6E995 /* NutritionValueQuickLookRouter.swift */ = {isa = PBXFileReference; lastKnownFileType = sourcecode.swift; path = NutritionValueQuickLookRouter.swift; sourceTree = "<group>"; };
		82BF9073287975F200D6E995 /* NutritionValueQuickLookPresenter.swift */ = {isa = PBXFileReference; lastKnownFileType = sourcecode.swift; path = NutritionValueQuickLookPresenter.swift; sourceTree = "<group>"; };
		82BF90752879762200D6E995 /* NutritionValueQuickLookIntractor.swift */ = {isa = PBXFileReference; lastKnownFileType = sourcecode.swift; path = NutritionValueQuickLookIntractor.swift; sourceTree = "<group>"; };
		82BF90772879764500D6E995 /* NutritionValueQuickLookView.swift */ = {isa = PBXFileReference; lastKnownFileType = sourcecode.swift; path = NutritionValueQuickLookView.swift; sourceTree = "<group>"; };
		82BF907A2879774A00D6E995 /* BaseEntity.swift */ = {isa = PBXFileReference; lastKnownFileType = sourcecode.swift; path = BaseEntity.swift; sourceTree = "<group>"; };
		82BF907C2879776C00D6E995 /* Meta.swift */ = {isa = PBXFileReference; lastKnownFileType = sourcecode.swift; path = Meta.swift; sourceTree = "<group>"; };
		82BF907E2879779B00D6E995 /* Foodipedia.swift */ = {isa = PBXFileReference; lastKnownFileType = sourcecode.swift; path = Foodipedia.swift; sourceTree = "<group>"; };
		82BF9083287979FE00D6E995 /* APIErrorHandler.swift */ = {isa = PBXFileReference; lastKnownFileType = sourcecode.swift; path = APIErrorHandler.swift; sourceTree = "<group>"; };
		82BF908628797A6700D6E995 /* MultiMoyaProvider.swift */ = {isa = PBXFileReference; lastKnownFileType = sourcecode.swift; path = MultiMoyaProvider.swift; sourceTree = "<group>"; };
		82BF908928797A9A00D6E995 /* APIConfiguration.swift */ = {isa = PBXFileReference; lastKnownFileType = sourcecode.swift; path = APIConfiguration.swift; sourceTree = "<group>"; };
		82BF908B28797AB800D6E995 /* FoodipediaAPI.swift */ = {isa = PBXFileReference; lastKnownFileType = sourcecode.swift; path = FoodipediaAPI.swift; sourceTree = "<group>"; };
		82BF908D28797AE000D6E995 /* APIManager.swift */ = {isa = PBXFileReference; lastKnownFileType = sourcecode.swift; path = APIManager.swift; sourceTree = "<group>"; };
		82BF909028797B7900D6E995 /* GradientView.swift */ = {isa = PBXFileReference; lastKnownFileType = sourcecode.swift; path = GradientView.swift; sourceTree = "<group>"; };
		82BF909228797BB900D6E995 /* GradientButton.swift */ = {isa = PBXFileReference; lastKnownFileType = sourcecode.swift; path = GradientButton.swift; sourceTree = "<group>"; };
		82BF909528797D6B00D6E995 /* Enviornment.swift */ = {isa = PBXFileReference; lastKnownFileType = sourcecode.swift; path = Enviornment.swift; sourceTree = "<group>"; };
		82BF909728797D8900D6E995 /* FullscreenLoader.swift */ = {isa = PBXFileReference; lastKnownFileType = sourcecode.swift; path = FullscreenLoader.swift; sourceTree = "<group>"; };
		82BF909A28797E3000D6E995 /* MoyaError+APIError.swift */ = {isa = PBXFileReference; lastKnownFileType = sourcecode.swift; path = "MoyaError+APIError.swift"; sourceTree = "<group>"; };
		82BF909E28797ED500D6E995 /* green-eco-earth-animation.json */ = {isa = PBXFileReference; fileEncoding = 4; lastKnownFileType = text.json; path = "green-eco-earth-animation.json"; sourceTree = "<group>"; };
		82BF90A128797F5100D6E995 /* TestNutritionValueQuickLook.swift */ = {isa = PBXFileReference; lastKnownFileType = sourcecode.swift; path = TestNutritionValueQuickLook.swift; sourceTree = "<group>"; };
		82BF90A328797FBF00D6E995 /* NSObject+className.swift */ = {isa = PBXFileReference; lastKnownFileType = sourcecode.swift; path = "NSObject+className.swift"; sourceTree = "<group>"; };
		82BF90A72879806B00D6E995 /* TestExtensions.swift */ = {isa = PBXFileReference; lastKnownFileType = sourcecode.swift; path = TestExtensions.swift; sourceTree = "<group>"; };
		910DE2D404997A55DCB95326 /* Pods_LifeSum_LifeSumUITests.framework */ = {isa = PBXFileReference; explicitFileType = wrapper.framework; includeInIndex = 0; path = Pods_LifeSum_LifeSumUITests.framework; sourceTree = BUILT_PRODUCTS_DIR; };
		A8B01C99D42C52A69CE57078 /* Pods-LifeSum.debug.xcconfig */ = {isa = PBXFileReference; includeInIndex = 1; lastKnownFileType = text.xcconfig; name = "Pods-LifeSum.debug.xcconfig"; path = "Target Support Files/Pods-LifeSum/Pods-LifeSum.debug.xcconfig"; sourceTree = "<group>"; };
		BE080C639AEFCB4B042D0B0B /* Pods-LifeSumTests.debug.xcconfig */ = {isa = PBXFileReference; includeInIndex = 1; lastKnownFileType = text.xcconfig; name = "Pods-LifeSumTests.debug.xcconfig"; path = "Target Support Files/Pods-LifeSumTests/Pods-LifeSumTests.debug.xcconfig"; sourceTree = "<group>"; };
		C048CA7D88CD0405B3092BCE /* Pods-LifeSum-LifeSumUITests.release.xcconfig */ = {isa = PBXFileReference; includeInIndex = 1; lastKnownFileType = text.xcconfig; name = "Pods-LifeSum-LifeSumUITests.release.xcconfig"; path = "Target Support Files/Pods-LifeSum-LifeSumUITests/Pods-LifeSum-LifeSumUITests.release.xcconfig"; sourceTree = "<group>"; };
		C4474B18F76034BD8E7FAE5C /* Pods_LifeSum.framework */ = {isa = PBXFileReference; explicitFileType = wrapper.framework; includeInIndex = 0; path = Pods_LifeSum.framework; sourceTree = BUILT_PRODUCTS_DIR; };
		CA2F4515BE84213EDAB595EC /* Pods-LifeSumTests.release.xcconfig */ = {isa = PBXFileReference; includeInIndex = 1; lastKnownFileType = text.xcconfig; name = "Pods-LifeSumTests.release.xcconfig"; path = "Target Support Files/Pods-LifeSumTests/Pods-LifeSumTests.release.xcconfig"; sourceTree = "<group>"; };
		F756A476C7E22D3594289EBD /* Pods_LifeSumTests.framework */ = {isa = PBXFileReference; explicitFileType = wrapper.framework; includeInIndex = 0; path = Pods_LifeSumTests.framework; sourceTree = BUILT_PRODUCTS_DIR; };
/* End PBXFileReference section */

/* Begin PBXFrameworksBuildPhase section */
		82BF902E287963FA00D6E995 /* Frameworks */ = {
			isa = PBXFrameworksBuildPhase;
			buildActionMask = 2147483647;
			files = (
				5B865EF9B4D1DA24788528F1 /* Pods_LifeSum.framework in Frameworks */,
			);
			runOnlyForDeploymentPostprocessing = 0;
		};
		82BF9044287963FE00D6E995 /* Frameworks */ = {
			isa = PBXFrameworksBuildPhase;
			buildActionMask = 2147483647;
			files = (
				F7188EA8EE34374E325B3D65 /* Pods_LifeSumTests.framework in Frameworks */,
			);
			runOnlyForDeploymentPostprocessing = 0;
		};
		82BF904E287963FE00D6E995 /* Frameworks */ = {
			isa = PBXFrameworksBuildPhase;
			buildActionMask = 2147483647;
			files = (
				2FE8BB523D1A9FB8F537CC92 /* Pods_LifeSum_LifeSumUITests.framework in Frameworks */,
			);
			runOnlyForDeploymentPostprocessing = 0;
		};
/* End PBXFrameworksBuildPhase section */

/* Begin PBXGroup section */
		0ABA4ADDD54C3ABB98A97E35 /* Frameworks */ = {
			isa = PBXGroup;
			children = (
				C4474B18F76034BD8E7FAE5C /* Pods_LifeSum.framework */,
				910DE2D404997A55DCB95326 /* Pods_LifeSum_LifeSumUITests.framework */,
				F756A476C7E22D3594289EBD /* Pods_LifeSumTests.framework */,
			);
			name = Frameworks;
			sourceTree = "<group>";
		};
		41A8EDA81984C106852E9692 /* Pods */ = {
			isa = PBXGroup;
			children = (
				A8B01C99D42C52A69CE57078 /* Pods-LifeSum.debug.xcconfig */,
				4A51BC42C17C84DF38154A56 /* Pods-LifeSum.release.xcconfig */,
				38C2DE28E5851BE0EB8E0BC8 /* Pods-LifeSum-LifeSumUITests.debug.xcconfig */,
				C048CA7D88CD0405B3092BCE /* Pods-LifeSum-LifeSumUITests.release.xcconfig */,
				BE080C639AEFCB4B042D0B0B /* Pods-LifeSumTests.debug.xcconfig */,
				CA2F4515BE84213EDAB595EC /* Pods-LifeSumTests.release.xcconfig */,
			);
			path = Pods;
			sourceTree = "<group>";
		};
		82BF9028287963FA00D6E995 = {
			isa = PBXGroup;
			children = (
				82BF9033287963FA00D6E995 /* LifeSum */,
				82BF904A287963FE00D6E995 /* LifeSumTests */,
				82BF9054287963FE00D6E995 /* LifeSumUITests */,
				82BF9032287963FA00D6E995 /* Products */,
				41A8EDA81984C106852E9692 /* Pods */,
				0ABA4ADDD54C3ABB98A97E35 /* Frameworks */,
			);
			sourceTree = "<group>";
		};
		82BF9032287963FA00D6E995 /* Products */ = {
			isa = PBXGroup;
			children = (
				82BF9031287963FA00D6E995 /* LifeSum.app */,
				82BF9047287963FE00D6E995 /* LifeSumTests.xctest */,
				82BF9051287963FE00D6E995 /* LifeSumUITests.xctest */,
			);
			name = Products;
			sourceTree = "<group>";
		};
		82BF9033287963FA00D6E995 /* LifeSum */ = {
			isa = PBXGroup;
			children = (
				82BF909C28797EA100D6E995 /* Supporting Files */,
				82BF909928797E1C00D6E995 /* Extensions */,
				82BF909428797D5700D6E995 /* Utilities */,
				82BF908F28797B6000D6E995 /* IBDesignable */,
				82BF9080287979CB00D6E995 /* Services */,
				82BF90792879773700D6E995 /* Entities */,
				82BF906D2879750700D6E995 /* App */,
				82BF90642879746800D6E995 /* Structure */,
			);
			path = LifeSum;
			sourceTree = "<group>";
		};
		82BF904A287963FE00D6E995 /* LifeSumTests */ = {
			isa = PBXGroup;
			children = (
				82BF90A028797F2F00D6E995 /* Test ViewControllers */,
				82BF904B287963FE00D6E995 /* LifeSumTests.swift */,
				82BF90A72879806B00D6E995 /* TestExtensions.swift */,
			);
			path = LifeSumTests;
			sourceTree = "<group>";
		};
		82BF9054287963FE00D6E995 /* LifeSumUITests */ = {
			isa = PBXGroup;
			children = (
				82BF9055287963FE00D6E995 /* LifeSumUITests.swift */,
				82BF9057287963FE00D6E995 /* LifeSumUITestsLaunchTests.swift */,
			);
			path = LifeSumUITests;
			sourceTree = "<group>";
		};
		82BF90642879746800D6E995 /* Structure */ = {
			isa = PBXGroup;
			children = (
				82BF90652879747F00D6E995 /* AnyView.swift */,
				82BF90672879749F00D6E995 /* AnyInteractor.swift */,
				82BF9069287974B700D6E995 /* AnyPresenter.swift */,
				82BF906B287974D600D6E995 /* AnyRouter.swift */,
			);
			path = Structure;
			sourceTree = "<group>";
		};
		82BF906D2879750700D6E995 /* App */ = {
			isa = PBXGroup;
			children = (
				82BF903A287963FA00D6E995 /* Main.storyboard */,
				82BF906E2879752200D6E995 /* NutritionValueQuickLook */,
			);
			path = App;
			sourceTree = "<group>";
		};
		82BF906E2879752200D6E995 /* NutritionValueQuickLook */ = {
			isa = PBXGroup;
			children = (
				82BF906F2879754900D6E995 /* NutritionValueQuickLookVC.swift */,
				82BF9071287975BC00D6E995 /* NutritionValueQuickLookRouter.swift */,
				82BF9073287975F200D6E995 /* NutritionValueQuickLookPresenter.swift */,
				82BF90752879762200D6E995 /* NutritionValueQuickLookIntractor.swift */,
				82BF90772879764500D6E995 /* NutritionValueQuickLookView.swift */,
			);
			path = NutritionValueQuickLook;
			sourceTree = "<group>";
		};
		82BF90792879773700D6E995 /* Entities */ = {
			isa = PBXGroup;
			children = (
				82BF907A2879774A00D6E995 /* BaseEntity.swift */,
				82BF907C2879776C00D6E995 /* Meta.swift */,
				82BF907E2879779B00D6E995 /* Foodipedia.swift */,
			);
			path = Entities;
			sourceTree = "<group>";
		};
		82BF9080287979CB00D6E995 /* Services */ = {
			isa = PBXGroup;
			children = (
				82BF9081287979DB00D6E995 /* Network */,
			);
			path = Services;
			sourceTree = "<group>";
		};
		82BF9081287979DB00D6E995 /* Network */ = {
			isa = PBXGroup;
			children = (
				82BF908828797A8800D6E995 /* API */,
				82BF908528797A5600D6E995 /* Moya */,
				82BF9082287979E800D6E995 /* API Error */,
				82BF908D28797AE000D6E995 /* APIManager.swift */,
			);
			path = Network;
			sourceTree = "<group>";
		};
		82BF9082287979E800D6E995 /* API Error */ = {
			isa = PBXGroup;
			children = (
				82BF9083287979FE00D6E995 /* APIErrorHandler.swift */,
			);
			path = "API Error";
			sourceTree = "<group>";
		};
		82BF908528797A5600D6E995 /* Moya */ = {
			isa = PBXGroup;
			children = (
				82BF908628797A6700D6E995 /* MultiMoyaProvider.swift */,
			);
			path = Moya;
			sourceTree = "<group>";
		};
		82BF908828797A8800D6E995 /* API */ = {
			isa = PBXGroup;
			children = (
				82BF908928797A9A00D6E995 /* APIConfiguration.swift */,
				82BF908B28797AB800D6E995 /* FoodipediaAPI.swift */,
			);
			path = API;
			sourceTree = "<group>";
		};
		82BF908F28797B6000D6E995 /* IBDesignable */ = {
			isa = PBXGroup;
			children = (
				82BF909028797B7900D6E995 /* GradientView.swift */,
				82BF909228797BB900D6E995 /* GradientButton.swift */,
			);
			path = IBDesignable;
			sourceTree = "<group>";
		};
		82BF909428797D5700D6E995 /* Utilities */ = {
			isa = PBXGroup;
			children = (
				82BF909528797D6B00D6E995 /* Enviornment.swift */,
				82BF909728797D8900D6E995 /* FullscreenLoader.swift */,
			);
			path = Utilities;
			sourceTree = "<group>";
		};
		82BF909928797E1C00D6E995 /* Extensions */ = {
			isa = PBXGroup;
			children = (
				82BF909A28797E3000D6E995 /* MoyaError+APIError.swift */,
				82BF90A328797FBF00D6E995 /* NSObject+className.swift */,
			);
			path = Extensions;
			sourceTree = "<group>";
		};
		82BF909C28797EA100D6E995 /* Supporting Files */ = {
			isa = PBXGroup;
			children = (
				82BF909D28797EB100D6E995 /* Lottie Animations */,
				82BF9034287963FA00D6E995 /* AppDelegate.swift */,
				82BF9036287963FA00D6E995 /* SceneDelegate.swift */,
				82BF903F287963FE00D6E995 /* LaunchScreen.storyboard */,
				82BF903D287963FE00D6E995 /* Assets.xcassets */,
				82BF9042287963FE00D6E995 /* Info.plist */,
			);
			path = "Supporting Files";
			sourceTree = "<group>";
		};
		82BF909D28797EB100D6E995 /* Lottie Animations */ = {
			isa = PBXGroup;
			children = (
				82BF909E28797ED500D6E995 /* green-eco-earth-animation.json */,
			);
			path = "Lottie Animations";
			sourceTree = "<group>";
		};
		82BF90A028797F2F00D6E995 /* Test ViewControllers */ = {
			isa = PBXGroup;
			children = (
				82BF90A128797F5100D6E995 /* TestNutritionValueQuickLook.swift */,
			);
			path = "Test ViewControllers";
			sourceTree = "<group>";
		};
/* End PBXGroup section */

/* Begin PBXNativeTarget section */
		82BF9030287963FA00D6E995 /* LifeSum */ = {
			isa = PBXNativeTarget;
			buildConfigurationList = 82BF905B287963FE00D6E995 /* Build configuration list for PBXNativeTarget "LifeSum" */;
			buildPhases = (
				B93EF87557D3E03FDFE13BFB /* [CP] Check Pods Manifest.lock */,
				82BF902D287963FA00D6E995 /* Sources */,
				82BF902E287963FA00D6E995 /* Frameworks */,
				82BF902F287963FA00D6E995 /* Resources */,
				448EB145C9CAAF09ABDEFFCC /* [CP] Embed Pods Frameworks */,
			);
			buildRules = (
			);
			dependencies = (
			);
			name = LifeSum;
			productName = LifeSum;
			productReference = 82BF9031287963FA00D6E995 /* LifeSum.app */;
			productType = "com.apple.product-type.application";
		};
		82BF9046287963FE00D6E995 /* LifeSumTests */ = {
			isa = PBXNativeTarget;
			buildConfigurationList = 82BF905E287963FE00D6E995 /* Build configuration list for PBXNativeTarget "LifeSumTests" */;
			buildPhases = (
				343747B2C3508BAE59ECCB7B /* [CP] Check Pods Manifest.lock */,
				82BF9043287963FE00D6E995 /* Sources */,
				82BF9044287963FE00D6E995 /* Frameworks */,
				82BF9045287963FE00D6E995 /* Resources */,
			);
			buildRules = (
			);
			dependencies = (
				82BF9049287963FE00D6E995 /* PBXTargetDependency */,
			);
			name = LifeSumTests;
			productName = LifeSumTests;
			productReference = 82BF9047287963FE00D6E995 /* LifeSumTests.xctest */;
			productType = "com.apple.product-type.bundle.unit-test";
		};
		82BF9050287963FE00D6E995 /* LifeSumUITests */ = {
			isa = PBXNativeTarget;
			buildConfigurationList = 82BF9061287963FE00D6E995 /* Build configuration list for PBXNativeTarget "LifeSumUITests" */;
			buildPhases = (
				3CA71AEBABE97ACD813E0CE4 /* [CP] Check Pods Manifest.lock */,
				82BF904D287963FE00D6E995 /* Sources */,
				82BF904E287963FE00D6E995 /* Frameworks */,
				82BF904F287963FE00D6E995 /* Resources */,
				1DBE99C223322A814852A7E9 /* [CP] Embed Pods Frameworks */,
			);
			buildRules = (
			);
			dependencies = (
				82BF9053287963FE00D6E995 /* PBXTargetDependency */,
			);
			name = LifeSumUITests;
			productName = LifeSumUITests;
			productReference = 82BF9051287963FE00D6E995 /* LifeSumUITests.xctest */;
			productType = "com.apple.product-type.bundle.ui-testing";
		};
/* End PBXNativeTarget section */

/* Begin PBXProject section */
		82BF9029287963FA00D6E995 /* Project object */ = {
			isa = PBXProject;
			attributes = {
				BuildIndependentTargetsInParallel = 1;
				LastSwiftUpdateCheck = 1320;
				LastUpgradeCheck = 1320;
				TargetAttributes = {
					82BF9030287963FA00D6E995 = {
						CreatedOnToolsVersion = 13.2.1;
					};
					82BF9046287963FE00D6E995 = {
						CreatedOnToolsVersion = 13.2.1;
						TestTargetID = 82BF9030287963FA00D6E995;
					};
					82BF9050287963FE00D6E995 = {
						CreatedOnToolsVersion = 13.2.1;
						TestTargetID = 82BF9030287963FA00D6E995;
					};
				};
			};
			buildConfigurationList = 82BF902C287963FA00D6E995 /* Build configuration list for PBXProject "LifeSum" */;
			compatibilityVersion = "Xcode 13.0";
			developmentRegion = en;
			hasScannedForEncodings = 0;
			knownRegions = (
				en,
				Base,
			);
			mainGroup = 82BF9028287963FA00D6E995;
			productRefGroup = 82BF9032287963FA00D6E995 /* Products */;
			projectDirPath = "";
			projectRoot = "";
			targets = (
				82BF9030287963FA00D6E995 /* LifeSum */,
				82BF9046287963FE00D6E995 /* LifeSumTests */,
				82BF9050287963FE00D6E995 /* LifeSumUITests */,
			);
		};
/* End PBXProject section */

/* Begin PBXResourcesBuildPhase section */
		82BF902F287963FA00D6E995 /* Resources */ = {
			isa = PBXResourcesBuildPhase;
			buildActionMask = 2147483647;
			files = (
				82BF9041287963FE00D6E995 /* LaunchScreen.storyboard in Resources */,
				82BF909F28797ED500D6E995 /* green-eco-earth-animation.json in Resources */,
				82BF903E287963FE00D6E995 /* Assets.xcassets in Resources */,
				82BF903C287963FB00D6E995 /* Main.storyboard in Resources */,
			);
			runOnlyForDeploymentPostprocessing = 0;
		};
		82BF9045287963FE00D6E995 /* Resources */ = {
			isa = PBXResourcesBuildPhase;
			buildActionMask = 2147483647;
			files = (
			);
			runOnlyForDeploymentPostprocessing = 0;
		};
		82BF904F287963FE00D6E995 /* Resources */ = {
			isa = PBXResourcesBuildPhase;
			buildActionMask = 2147483647;
			files = (
			);
			runOnlyForDeploymentPostprocessing = 0;
		};
/* End PBXResourcesBuildPhase section */

/* Begin PBXShellScriptBuildPhase section */
		1DBE99C223322A814852A7E9 /* [CP] Embed Pods Frameworks */ = {
			isa = PBXShellScriptBuildPhase;
			buildActionMask = 2147483647;
			files = (
			);
			inputFileListPaths = (
				"${PODS_ROOT}/Target Support Files/Pods-LifeSum-LifeSumUITests/Pods-LifeSum-LifeSumUITests-frameworks-${CONFIGURATION}-input-files.xcfilelist",
			);
			name = "[CP] Embed Pods Frameworks";
			outputFileListPaths = (
				"${PODS_ROOT}/Target Support Files/Pods-LifeSum-LifeSumUITests/Pods-LifeSum-LifeSumUITests-frameworks-${CONFIGURATION}-output-files.xcfilelist",
			);
			runOnlyForDeploymentPostprocessing = 0;
			shellPath = /bin/sh;
			shellScript = "\"${PODS_ROOT}/Target Support Files/Pods-LifeSum-LifeSumUITests/Pods-LifeSum-LifeSumUITests-frameworks.sh\"\n";
			showEnvVarsInLog = 0;
		};
		343747B2C3508BAE59ECCB7B /* [CP] Check Pods Manifest.lock */ = {
			isa = PBXShellScriptBuildPhase;
			buildActionMask = 2147483647;
			files = (
			);
			inputFileListPaths = (
			);
			inputPaths = (
				"${PODS_PODFILE_DIR_PATH}/Podfile.lock",
				"${PODS_ROOT}/Manifest.lock",
			);
			name = "[CP] Check Pods Manifest.lock";
			outputFileListPaths = (
			);
			outputPaths = (
				"$(DERIVED_FILE_DIR)/Pods-LifeSumTests-checkManifestLockResult.txt",
			);
			runOnlyForDeploymentPostprocessing = 0;
			shellPath = /bin/sh;
			shellScript = "diff \"${PODS_PODFILE_DIR_PATH}/Podfile.lock\" \"${PODS_ROOT}/Manifest.lock\" > /dev/null\nif [ $? != 0 ] ; then\n    # print error to STDERR\n    echo \"error: The sandbox is not in sync with the Podfile.lock. Run 'pod install' or update your CocoaPods installation.\" >&2\n    exit 1\nfi\n# This output is used by Xcode 'outputs' to avoid re-running this script phase.\necho \"SUCCESS\" > \"${SCRIPT_OUTPUT_FILE_0}\"\n";
			showEnvVarsInLog = 0;
		};
		3CA71AEBABE97ACD813E0CE4 /* [CP] Check Pods Manifest.lock */ = {
			isa = PBXShellScriptBuildPhase;
			buildActionMask = 2147483647;
			files = (
			);
			inputFileListPaths = (
			);
			inputPaths = (
				"${PODS_PODFILE_DIR_PATH}/Podfile.lock",
				"${PODS_ROOT}/Manifest.lock",
			);
			name = "[CP] Check Pods Manifest.lock";
			outputFileListPaths = (
			);
			outputPaths = (
				"$(DERIVED_FILE_DIR)/Pods-LifeSum-LifeSumUITests-checkManifestLockResult.txt",
			);
			runOnlyForDeploymentPostprocessing = 0;
			shellPath = /bin/sh;
			shellScript = "diff \"${PODS_PODFILE_DIR_PATH}/Podfile.lock\" \"${PODS_ROOT}/Manifest.lock\" > /dev/null\nif [ $? != 0 ] ; then\n    # print error to STDERR\n    echo \"error: The sandbox is not in sync with the Podfile.lock. Run 'pod install' or update your CocoaPods installation.\" >&2\n    exit 1\nfi\n# This output is used by Xcode 'outputs' to avoid re-running this script phase.\necho \"SUCCESS\" > \"${SCRIPT_OUTPUT_FILE_0}\"\n";
			showEnvVarsInLog = 0;
		};
		448EB145C9CAAF09ABDEFFCC /* [CP] Embed Pods Frameworks */ = {
			isa = PBXShellScriptBuildPhase;
			buildActionMask = 2147483647;
			files = (
			);
			inputFileListPaths = (
				"${PODS_ROOT}/Target Support Files/Pods-LifeSum/Pods-LifeSum-frameworks-${CONFIGURATION}-input-files.xcfilelist",
			);
			name = "[CP] Embed Pods Frameworks";
			outputFileListPaths = (
				"${PODS_ROOT}/Target Support Files/Pods-LifeSum/Pods-LifeSum-frameworks-${CONFIGURATION}-output-files.xcfilelist",
			);
			runOnlyForDeploymentPostprocessing = 0;
			shellPath = /bin/sh;
			shellScript = "\"${PODS_ROOT}/Target Support Files/Pods-LifeSum/Pods-LifeSum-frameworks.sh\"\n";
			showEnvVarsInLog = 0;
		};
		B93EF87557D3E03FDFE13BFB /* [CP] Check Pods Manifest.lock */ = {
			isa = PBXShellScriptBuildPhase;
			buildActionMask = 2147483647;
			files = (
			);
			inputFileListPaths = (
			);
			inputPaths = (
				"${PODS_PODFILE_DIR_PATH}/Podfile.lock",
				"${PODS_ROOT}/Manifest.lock",
			);
			name = "[CP] Check Pods Manifest.lock";
			outputFileListPaths = (
			);
			outputPaths = (
				"$(DERIVED_FILE_DIR)/Pods-LifeSum-checkManifestLockResult.txt",
			);
			runOnlyForDeploymentPostprocessing = 0;
			shellPath = /bin/sh;
			shellScript = "diff \"${PODS_PODFILE_DIR_PATH}/Podfile.lock\" \"${PODS_ROOT}/Manifest.lock\" > /dev/null\nif [ $? != 0 ] ; then\n    # print error to STDERR\n    echo \"error: The sandbox is not in sync with the Podfile.lock. Run 'pod install' or update your CocoaPods installation.\" >&2\n    exit 1\nfi\n# This output is used by Xcode 'outputs' to avoid re-running this script phase.\necho \"SUCCESS\" > \"${SCRIPT_OUTPUT_FILE_0}\"\n";
			showEnvVarsInLog = 0;
		};
/* End PBXShellScriptBuildPhase section */

/* Begin PBXSourcesBuildPhase section */
		82BF902D287963FA00D6E995 /* Sources */ = {
			isa = PBXSourcesBuildPhase;
			buildActionMask = 2147483647;
			files = (
				82BF906A287974B700D6E995 /* AnyPresenter.swift in Sources */,
				82BF9084287979FE00D6E995 /* APIErrorHandler.swift in Sources */,
				82BF90782879764500D6E995 /* NutritionValueQuickLookView.swift in Sources */,
				82BF9035287963FA00D6E995 /* AppDelegate.swift in Sources */,
				82BF9037287963FA00D6E995 /* SceneDelegate.swift in Sources */,
				82BF908728797A6700D6E995 /* MultiMoyaProvider.swift in Sources */,
				82BF90682879749F00D6E995 /* AnyInteractor.swift in Sources */,
				82BF908C28797AB800D6E995 /* FoodipediaAPI.swift in Sources */,
				82BF90A428797FBF00D6E995 /* NSObject+className.swift in Sources */,
				82BF90662879747F00D6E995 /* AnyView.swift in Sources */,
				82BF90702879754900D6E995 /* NutritionValueQuickLookVC.swift in Sources */,
				82BF909828797D8900D6E995 /* FullscreenLoader.swift in Sources */,
				82BF909128797B7900D6E995 /* GradientView.swift in Sources */,
				82BF9072287975BC00D6E995 /* NutritionValueQuickLookRouter.swift in Sources */,
				82BF908E28797AE000D6E995 /* APIManager.swift in Sources */,
				82BF90762879762200D6E995 /* NutritionValueQuickLookIntractor.swift in Sources */,
				82BF909328797BB900D6E995 /* GradientButton.swift in Sources */,
				82BF907F2879779B00D6E995 /* Foodipedia.swift in Sources */,
				82BF908A28797A9A00D6E995 /* APIConfiguration.swift in Sources */,
				82BF9074287975F200D6E995 /* NutritionValueQuickLookPresenter.swift in Sources */,
				82BF907B2879774A00D6E995 /* BaseEntity.swift in Sources */,
				82BF907D2879776C00D6E995 /* Meta.swift in Sources */,
				82BF909628797D6B00D6E995 /* Enviornment.swift in Sources */,
				82BF906C287974D600D6E995 /* AnyRouter.swift in Sources */,
				82BF909B28797E3000D6E995 /* MoyaError+APIError.swift in Sources */,
			);
			runOnlyForDeploymentPostprocessing = 0;
		};
		82BF9043287963FE00D6E995 /* Sources */ = {
			isa = PBXSourcesBuildPhase;
			buildActionMask = 2147483647;
			files = (
				82BF904C287963FE00D6E995 /* LifeSumTests.swift in Sources */,
				82BF90A82879806B00D6E995 /* TestExtensions.swift in Sources */,
				82BF90A228797F5100D6E995 /* TestNutritionValueQuickLook.swift in Sources */,
			);
			runOnlyForDeploymentPostprocessing = 0;
		};
		82BF904D287963FE00D6E995 /* Sources */ = {
			isa = PBXSourcesBuildPhase;
			buildActionMask = 2147483647;
			files = (
				82BF9058287963FE00D6E995 /* LifeSumUITestsLaunchTests.swift in Sources */,
				82BF9056287963FE00D6E995 /* LifeSumUITests.swift in Sources */,
			);
			runOnlyForDeploymentPostprocessing = 0;
		};
/* End PBXSourcesBuildPhase section */

/* Begin PBXTargetDependency section */
		82BF9049287963FE00D6E995 /* PBXTargetDependency */ = {
			isa = PBXTargetDependency;
			target = 82BF9030287963FA00D6E995 /* LifeSum */;
			targetProxy = 82BF9048287963FE00D6E995 /* PBXContainerItemProxy */;
		};
		82BF9053287963FE00D6E995 /* PBXTargetDependency */ = {
			isa = PBXTargetDependency;
			target = 82BF9030287963FA00D6E995 /* LifeSum */;
			targetProxy = 82BF9052287963FE00D6E995 /* PBXContainerItemProxy */;
		};
/* End PBXTargetDependency section */

/* Begin PBXVariantGroup section */
		82BF903A287963FA00D6E995 /* Main.storyboard */ = {
			isa = PBXVariantGroup;
			children = (
				82BF903B287963FA00D6E995 /* Base */,
			);
			name = Main.storyboard;
			sourceTree = "<group>";
		};
		82BF903F287963FE00D6E995 /* LaunchScreen.storyboard */ = {
			isa = PBXVariantGroup;
			children = (
				82BF9040287963FE00D6E995 /* Base */,
			);
			name = LaunchScreen.storyboard;
			sourceTree = "<group>";
		};
/* End PBXVariantGroup section */

/* Begin XCBuildConfiguration section */
		82BF9059287963FE00D6E995 /* Debug */ = {
			isa = XCBuildConfiguration;
			buildSettings = {
				ALWAYS_SEARCH_USER_PATHS = NO;
				CLANG_ANALYZER_NONNULL = YES;
				CLANG_ANALYZER_NUMBER_OBJECT_CONVERSION = YES_AGGRESSIVE;
				CLANG_CXX_LANGUAGE_STANDARD = "gnu++17";
				CLANG_CXX_LIBRARY = "libc++";
				CLANG_ENABLE_MODULES = YES;
				CLANG_ENABLE_OBJC_ARC = YES;
				CLANG_ENABLE_OBJC_WEAK = YES;
				CLANG_WARN_BLOCK_CAPTURE_AUTORELEASING = YES;
				CLANG_WARN_BOOL_CONVERSION = YES;
				CLANG_WARN_COMMA = YES;
				CLANG_WARN_CONSTANT_CONVERSION = YES;
				CLANG_WARN_DEPRECATED_OBJC_IMPLEMENTATIONS = YES;
				CLANG_WARN_DIRECT_OBJC_ISA_USAGE = YES_ERROR;
				CLANG_WARN_DOCUMENTATION_COMMENTS = YES;
				CLANG_WARN_EMPTY_BODY = YES;
				CLANG_WARN_ENUM_CONVERSION = YES;
				CLANG_WARN_INFINITE_RECURSION = YES;
				CLANG_WARN_INT_CONVERSION = YES;
				CLANG_WARN_NON_LITERAL_NULL_CONVERSION = YES;
				CLANG_WARN_OBJC_IMPLICIT_RETAIN_SELF = YES;
				CLANG_WARN_OBJC_LITERAL_CONVERSION = YES;
				CLANG_WARN_OBJC_ROOT_CLASS = YES_ERROR;
				CLANG_WARN_QUOTED_INCLUDE_IN_FRAMEWORK_HEADER = YES;
				CLANG_WARN_RANGE_LOOP_ANALYSIS = YES;
				CLANG_WARN_STRICT_PROTOTYPES = YES;
				CLANG_WARN_SUSPICIOUS_MOVE = YES;
				CLANG_WARN_UNGUARDED_AVAILABILITY = YES_AGGRESSIVE;
				CLANG_WARN_UNREACHABLE_CODE = YES;
				CLANG_WARN__DUPLICATE_METHOD_MATCH = YES;
				COPY_PHASE_STRIP = NO;
				DEBUG_INFORMATION_FORMAT = dwarf;
				ENABLE_STRICT_OBJC_MSGSEND = YES;
				ENABLE_TESTABILITY = YES;
				GCC_C_LANGUAGE_STANDARD = gnu11;
				GCC_DYNAMIC_NO_PIC = NO;
				GCC_NO_COMMON_BLOCKS = YES;
				GCC_OPTIMIZATION_LEVEL = 0;
				GCC_PREPROCESSOR_DEFINITIONS = (
					"DEBUG=1",
					"$(inherited)",
				);
				GCC_WARN_64_TO_32_BIT_CONVERSION = YES;
				GCC_WARN_ABOUT_RETURN_TYPE = YES_ERROR;
				GCC_WARN_UNDECLARED_SELECTOR = YES;
				GCC_WARN_UNINITIALIZED_AUTOS = YES_AGGRESSIVE;
				GCC_WARN_UNUSED_FUNCTION = YES;
				GCC_WARN_UNUSED_VARIABLE = YES;
				IPHONEOS_DEPLOYMENT_TARGET = 15.2;
				MTL_ENABLE_DEBUG_INFO = INCLUDE_SOURCE;
				MTL_FAST_MATH = YES;
				ONLY_ACTIVE_ARCH = YES;
				SDKROOT = iphoneos;
				SWIFT_ACTIVE_COMPILATION_CONDITIONS = DEBUG;
				SWIFT_OPTIMIZATION_LEVEL = "-Onone";
			};
			name = Debug;
		};
		82BF905A287963FE00D6E995 /* Release */ = {
			isa = XCBuildConfiguration;
			buildSettings = {
				ALWAYS_SEARCH_USER_PATHS = NO;
				CLANG_ANALYZER_NONNULL = YES;
				CLANG_ANALYZER_NUMBER_OBJECT_CONVERSION = YES_AGGRESSIVE;
				CLANG_CXX_LANGUAGE_STANDARD = "gnu++17";
				CLANG_CXX_LIBRARY = "libc++";
				CLANG_ENABLE_MODULES = YES;
				CLANG_ENABLE_OBJC_ARC = YES;
				CLANG_ENABLE_OBJC_WEAK = YES;
				CLANG_WARN_BLOCK_CAPTURE_AUTORELEASING = YES;
				CLANG_WARN_BOOL_CONVERSION = YES;
				CLANG_WARN_COMMA = YES;
				CLANG_WARN_CONSTANT_CONVERSION = YES;
				CLANG_WARN_DEPRECATED_OBJC_IMPLEMENTATIONS = YES;
				CLANG_WARN_DIRECT_OBJC_ISA_USAGE = YES_ERROR;
				CLANG_WARN_DOCUMENTATION_COMMENTS = YES;
				CLANG_WARN_EMPTY_BODY = YES;
				CLANG_WARN_ENUM_CONVERSION = YES;
				CLANG_WARN_INFINITE_RECURSION = YES;
				CLANG_WARN_INT_CONVERSION = YES;
				CLANG_WARN_NON_LITERAL_NULL_CONVERSION = YES;
				CLANG_WARN_OBJC_IMPLICIT_RETAIN_SELF = YES;
				CLANG_WARN_OBJC_LITERAL_CONVERSION = YES;
				CLANG_WARN_OBJC_ROOT_CLASS = YES_ERROR;
				CLANG_WARN_QUOTED_INCLUDE_IN_FRAMEWORK_HEADER = YES;
				CLANG_WARN_RANGE_LOOP_ANALYSIS = YES;
				CLANG_WARN_STRICT_PROTOTYPES = YES;
				CLANG_WARN_SUSPICIOUS_MOVE = YES;
				CLANG_WARN_UNGUARDED_AVAILABILITY = YES_AGGRESSIVE;
				CLANG_WARN_UNREACHABLE_CODE = YES;
				CLANG_WARN__DUPLICATE_METHOD_MATCH = YES;
				COPY_PHASE_STRIP = NO;
				DEBUG_INFORMATION_FORMAT = "dwarf-with-dsym";
				ENABLE_NS_ASSERTIONS = NO;
				ENABLE_STRICT_OBJC_MSGSEND = YES;
				GCC_C_LANGUAGE_STANDARD = gnu11;
				GCC_NO_COMMON_BLOCKS = YES;
				GCC_WARN_64_TO_32_BIT_CONVERSION = YES;
				GCC_WARN_ABOUT_RETURN_TYPE = YES_ERROR;
				GCC_WARN_UNDECLARED_SELECTOR = YES;
				GCC_WARN_UNINITIALIZED_AUTOS = YES_AGGRESSIVE;
				GCC_WARN_UNUSED_FUNCTION = YES;
				GCC_WARN_UNUSED_VARIABLE = YES;
				IPHONEOS_DEPLOYMENT_TARGET = 15.2;
				MTL_ENABLE_DEBUG_INFO = NO;
				MTL_FAST_MATH = YES;
				SDKROOT = iphoneos;
				SWIFT_COMPILATION_MODE = wholemodule;
				SWIFT_OPTIMIZATION_LEVEL = "-O";
				VALIDATE_PRODUCT = YES;
			};
			name = Release;
		};
		82BF905C287963FE00D6E995 /* Debug */ = {
			isa = XCBuildConfiguration;
			baseConfigurationReference = A8B01C99D42C52A69CE57078 /* Pods-LifeSum.debug.xcconfig */;
			buildSettings = {
				ASSETCATALOG_COMPILER_APPICON_NAME = AppIcon;
				ASSETCATALOG_COMPILER_GLOBAL_ACCENT_COLOR_NAME = AccentColor;
				CODE_SIGN_STYLE = Automatic;
				CURRENT_PROJECT_VERSION = 1;
				GENERATE_INFOPLIST_FILE = YES;
				INFOPLIST_FILE = "LifeSum/Supporting Files/Info.plist";
				INFOPLIST_KEY_UIApplicationSupportsIndirectInputEvents = YES;
				INFOPLIST_KEY_UILaunchStoryboardName = LaunchScreen;
				INFOPLIST_KEY_UIMainStoryboardFile = Main;
				INFOPLIST_KEY_UISupportedInterfaceOrientations_iPad = "UIInterfaceOrientationPortrait UIInterfaceOrientationPortraitUpsideDown UIInterfaceOrientationLandscapeLeft UIInterfaceOrientationLandscapeRight";
				INFOPLIST_KEY_UISupportedInterfaceOrientations_iPhone = "UIInterfaceOrientationPortrait UIInterfaceOrientationLandscapeLeft UIInterfaceOrientationLandscapeRight";
				IPHONEOS_DEPLOYMENT_TARGET = 15.0;
				LD_RUNPATH_SEARCH_PATHS = (
					"$(inherited)",
					"@executable_path/Frameworks",
				);
				MARKETING_VERSION = 1.0;
				PRODUCT_BUNDLE_IDENTIFIER = mohsen.LifeSum;
				PRODUCT_NAME = "$(TARGET_NAME)";
				SWIFT_EMIT_LOC_STRINGS = YES;
				SWIFT_VERSION = 5.0;
				TARGETED_DEVICE_FAMILY = "1,2";
			};
			name = Debug;
		};
		82BF905D287963FE00D6E995 /* Release */ = {
			isa = XCBuildConfiguration;
			baseConfigurationReference = 4A51BC42C17C84DF38154A56 /* Pods-LifeSum.release.xcconfig */;
			buildSettings = {
				ASSETCATALOG_COMPILER_APPICON_NAME = AppIcon;
				ASSETCATALOG_COMPILER_GLOBAL_ACCENT_COLOR_NAME = AccentColor;
				CODE_SIGN_STYLE = Automatic;
				CURRENT_PROJECT_VERSION = 1;
				GENERATE_INFOPLIST_FILE = YES;
				INFOPLIST_FILE = "LifeSum/Supporting Files/Info.plist";
				INFOPLIST_KEY_UIApplicationSupportsIndirectInputEvents = YES;
				INFOPLIST_KEY_UILaunchStoryboardName = LaunchScreen;
				INFOPLIST_KEY_UIMainStoryboardFile = Main;
				INFOPLIST_KEY_UISupportedInterfaceOrientations_iPad = "UIInterfaceOrientationPortrait UIInterfaceOrientationPortraitUpsideDown UIInterfaceOrientationLandscapeLeft UIInterfaceOrientationLandscapeRight";
				INFOPLIST_KEY_UISupportedInterfaceOrientations_iPhone = "UIInterfaceOrientationPortrait UIInterfaceOrientationLandscapeLeft UIInterfaceOrientationLandscapeRight";
				IPHONEOS_DEPLOYMENT_TARGET = 15.0;
				LD_RUNPATH_SEARCH_PATHS = (
					"$(inherited)",
					"@executable_path/Frameworks",
				);
				MARKETING_VERSION = 1.0;
				PRODUCT_BUNDLE_IDENTIFIER = mohsen.LifeSum;
				PRODUCT_NAME = "$(TARGET_NAME)";
				SWIFT_EMIT_LOC_STRINGS = YES;
				SWIFT_VERSION = 5.0;
				TARGETED_DEVICE_FAMILY = "1,2";
			};
			name = Release;
		};
		82BF905F287963FE00D6E995 /* Debug */ = {
			isa = XCBuildConfiguration;
			baseConfigurationReference = BE080C639AEFCB4B042D0B0B /* Pods-LifeSumTests.debug.xcconfig */;
			buildSettings = {
				ALWAYS_EMBED_SWIFT_STANDARD_LIBRARIES = YES;
				BUNDLE_LOADER = "$(TEST_HOST)";
				CODE_SIGN_STYLE = Automatic;
				CURRENT_PROJECT_VERSION = 1;
				GENERATE_INFOPLIST_FILE = YES;
				IPHONEOS_DEPLOYMENT_TARGET = 15.2;
				MARKETING_VERSION = 1.0;
				PRODUCT_BUNDLE_IDENTIFIER = mohsen.LifeSumTests;
				PRODUCT_NAME = "$(TARGET_NAME)";
				SWIFT_EMIT_LOC_STRINGS = NO;
				SWIFT_VERSION = 5.0;
				TARGETED_DEVICE_FAMILY = "1,2";
				TEST_HOST = "$(BUILT_PRODUCTS_DIR)/LifeSum.app/LifeSum";
			};
			name = Debug;
		};
		82BF9060287963FE00D6E995 /* Release */ = {
			isa = XCBuildConfiguration;
			baseConfigurationReference = CA2F4515BE84213EDAB595EC /* Pods-LifeSumTests.release.xcconfig */;
			buildSettings = {
				ALWAYS_EMBED_SWIFT_STANDARD_LIBRARIES = YES;
				BUNDLE_LOADER = "$(TEST_HOST)";
				CODE_SIGN_STYLE = Automatic;
				CURRENT_PROJECT_VERSION = 1;
				GENERATE_INFOPLIST_FILE = YES;
				IPHONEOS_DEPLOYMENT_TARGET = 15.2;
				MARKETING_VERSION = 1.0;
				PRODUCT_BUNDLE_IDENTIFIER = mohsen.LifeSumTests;
				PRODUCT_NAME = "$(TARGET_NAME)";
				SWIFT_EMIT_LOC_STRINGS = NO;
				SWIFT_VERSION = 5.0;
				TARGETED_DEVICE_FAMILY = "1,2";
				TEST_HOST = "$(BUILT_PRODUCTS_DIR)/LifeSum.app/LifeSum";
			};
			name = Release;
		};
		82BF9062287963FE00D6E995 /* Debug */ = {
			isa = XCBuildConfiguration;
			baseConfigurationReference = 38C2DE28E5851BE0EB8E0BC8 /* Pods-LifeSum-LifeSumUITests.debug.xcconfig */;
			buildSettings = {
				ALWAYS_EMBED_SWIFT_STANDARD_LIBRARIES = YES;
				CODE_SIGN_STYLE = Automatic;
				CURRENT_PROJECT_VERSION = 1;
				GENERATE_INFOPLIST_FILE = YES;
				MARKETING_VERSION = 1.0;
				PRODUCT_BUNDLE_IDENTIFIER = mohsen.LifeSumUITests;
				PRODUCT_NAME = "$(TARGET_NAME)";
				SWIFT_EMIT_LOC_STRINGS = NO;
				SWIFT_VERSION = 5.0;
				TARGETED_DEVICE_FAMILY = "1,2";
				TEST_TARGET_NAME = LifeSum;
			};
			name = Debug;
		};
		82BF9063287963FE00D6E995 /* Release */ = {
			isa = XCBuildConfiguration;
			baseConfigurationReference = C048CA7D88CD0405B3092BCE /* Pods-LifeSum-LifeSumUITests.release.xcconfig */;
			buildSettings = {
				ALWAYS_EMBED_SWIFT_STANDARD_LIBRARIES = YES;
				CODE_SIGN_STYLE = Automatic;
				CURRENT_PROJECT_VERSION = 1;
				GENERATE_INFOPLIST_FILE = YES;
				MARKETING_VERSION = 1.0;
				PRODUCT_BUNDLE_IDENTIFIER = mohsen.LifeSumUITests;
				PRODUCT_NAME = "$(TARGET_NAME)";
				SWIFT_EMIT_LOC_STRINGS = NO;
				SWIFT_VERSION = 5.0;
				TARGETED_DEVICE_FAMILY = "1,2";
				TEST_TARGET_NAME = LifeSum;
			};
			name = Release;
		};
/* End XCBuildConfiguration section */

/* Begin XCConfigurationList section */
		82BF902C287963FA00D6E995 /* Build configuration list for PBXProject "LifeSum" */ = {
			isa = XCConfigurationList;
			buildConfigurations = (
				82BF9059287963FE00D6E995 /* Debug */,
				82BF905A287963FE00D6E995 /* Release */,
			);
			defaultConfigurationIsVisible = 0;
			defaultConfigurationName = Release;
		};
		82BF905B287963FE00D6E995 /* Build configuration list for PBXNativeTarget "LifeSum" */ = {
			isa = XCConfigurationList;
			buildConfigurations = (
				82BF905C287963FE00D6E995 /* Debug */,
				82BF905D287963FE00D6E995 /* Release */,
			);
			defaultConfigurationIsVisible = 0;
			defaultConfigurationName = Release;
		};
		82BF905E287963FE00D6E995 /* Build configuration list for PBXNativeTarget "LifeSumTests" */ = {
			isa = XCConfigurationList;
			buildConfigurations = (
				82BF905F287963FE00D6E995 /* Debug */,
				82BF9060287963FE00D6E995 /* Release */,
			);
			defaultConfigurationIsVisible = 0;
			defaultConfigurationName = Release;
		};
		82BF9061287963FE00D6E995 /* Build configuration list for PBXNativeTarget "LifeSumUITests" */ = {
			isa = XCConfigurationList;
			buildConfigurations = (
				82BF9062287963FE00D6E995 /* Debug */,
				82BF9063287963FE00D6E995 /* Release */,
			);
			defaultConfigurationIsVisible = 0;
			defaultConfigurationName = Release;
		};
/* End XCConfigurationList section */
	};
	rootObject = 82BF9029287963FA00D6E995 /* Project object */;
}
